{
  "version": "4",
  "remote": {
    "https://esm.sh/@supabase/supabase-js@2.98.0": "7c91584aa8d7c3b272be04122a907e00a7028a20d0eaf5e40b2eb1eed10f06b3"
  },
  "workspace": {
    "packageJson": {
      "dependencies": [
        "npm:@eslint/js@^9.39.4",
        "npm:@playwright/test@^1.60.0",
        "npm:@reduxjs/toolkit@^1.9.3",
        "npm:@supabase/supabase-js@2.98.0",
        "npm:@tanstack/react-query@^4.28.0",
        "npm:@types/react-dom@^18.3.0",
        "npm:@types/react@^18.3.5",
        "npm:@vitejs/plugin-react@^6.0.2",
        "npm:autoprefixer@^10.4.18",
        "npm:clsx@^1.2.1",
        "npm:dayjs@^1.11.7",
        "npm:eslint-plugin-react-hooks@^5.1.0-rc.0",
        "npm:eslint-plugin-react-refresh@~0.4.11",
        "npm:eslint@^9.39.4",
        "npm:globals@^15.9.0",
        "npm:lucide-react@0.344",
        "npm:phaser@^3.70.0",
        "npm:postcss@^8.4.35",
        "npm:react-dom@^18.3.1",
        "npm:react-redux@^8.0.5",
        "npm:react@^18.3.1",
        "npm:tailwindcss@^3.4.1",
        "npm:typescript-eslint@^8.61.0",
        "npm:typescript@^5.5.3",
        "npm:vite@^8.0.16",
        "npm:vitest@^4.1.8"
      ]
    }
  }
}
